
Microsoft Visual Studio Solution File, Format Version 12.00
# Visual Studio Version 17
VisualStudioVersion = 17.2.32616.157
MinimumVisualStudioVersion = 10.0.40219.1
Project("{F184B08F-C81C-45F6-A57F-5ABD9991F28F}") = "Nastawnia", "Nastawnia\Nastawnia.vbproj", "{EA5AAC55-F6D7-4D41-BB57-003BDF66DEFD}"
EndProject
Project("{F184B08F-C81C-45F6-A57F-5ABD9991F28F}") = "Zaleznosci", "Zaleznosci\Zaleznosci.vbproj", "{D13B5D10-865E-4724-B791-13137E8BD9D6}"
EndProject
Project("{F184B08F-C81C-45F6-A57F-5ABD9991F28F}") = "SerwerSterujacy", "SerwerSterujacy\SerwerSterujacy.vbproj", "{DB38CD60-7AFC-4062-9289-D2E73682F056}"
EndProject
Project("{8BC9CEB8-8B4A-11D0-8D11-00A0C91BC942}") = "ObslugaDirectX", "ObslugaDirectX\ObslugaDirectX.vcxproj", "{A2D3DEF1-A917-4AE4-8ED1-7E0BF95CD6F7}"
EndProject
Project("{F184B08F-C81C-45F6-A57F-5ABD9991F28F}") = "Wspolne", "Wspolne\Wspolne.vbproj", "{2D8E9CDF-F079-428A-92D8-2449C514FF89}"
EndProject
Project("{F184B08F-C81C-45F6-A57F-5ABD9991F28F}") = "Pulpit", "Pulpit\Pulpit.vbproj", "{5C815A91-C770-407F-8100-781475C4CE39}"
EndProject
Global
	GlobalSection(SolutionConfigurationPlatforms) = preSolution
		Debug|Any CPU = Debug|Any CPU
		Debug|x64 = Debug|x64
		Debug|x86 = Debug|x86
		Release|Any CPU = Release|Any CPU
		Release|x64 = Release|x64
		Release|x86 = Release|x86
	EndGlobalSection
	GlobalSection(ProjectConfigurationPlatforms) = postSolution
		{EA5AAC55-F6D7-4D41-BB57-003BDF66DEFD}.Debug|Any CPU.ActiveCfg = Debug|Any CPU
		{EA5AAC55-F6D7-4D41-BB57-003BDF66DEFD}.Debug|Any CPU.Build.0 = Debug|Any CPU
		{EA5AAC55-F6D7-4D41-BB57-003BDF66DEFD}.Debug|x64.ActiveCfg = Debug|Any CPU
		{EA5AAC55-F6D7-4D41-BB57-003BDF66DEFD}.Debug|x64.Build.0 = Debug|Any CPU
		{EA5AAC55-F6D7-4D41-BB57-003BDF66DEFD}.Debug|x86.ActiveCfg = Debug|Any CPU
		{EA5AAC55-F6D7-4D41-BB57-003BDF66DEFD}.Debug|x86.Build.0 = Debug|Any CPU
		{EA5AAC55-F6D7-4D41-BB57-003BDF66DEFD}.Release|Any CPU.ActiveCfg = Release|Any CPU
		{EA5AAC55-F6D7-4D41-BB57-003BDF66DEFD}.Release|Any CPU.Build.0 = Release|Any CPU
		{EA5AAC55-F6D7-4D41-BB57-003BDF66DEFD}.Release|x64.ActiveCfg = Release|Any CPU
		{EA5AAC55-F6D7-4D41-BB57-003BDF66DEFD}.Release|x64.Build.0 = Release|Any CPU
		{EA5AAC55-F6D7-4D41-BB57-003BDF66DEFD}.Release|x86.ActiveCfg = Release|Any CPU
		{EA5AAC55-F6D7-4D41-BB57-003BDF66DEFD}.Release|x86.Build.0 = Release|Any CPU
		{D13B5D10-865E-4724-B791-13137E8BD9D6}.Debug|Any CPU.ActiveCfg = Debug|Any CPU
		{D13B5D10-865E-4724-B791-13137E8BD9D6}.Debug|Any CPU.Build.0 = Debug|Any CPU
		{D13B5D10-865E-4724-B791-13137E8BD9D6}.Debug|x64.ActiveCfg = Debug|Any CPU
		{D13B5D10-865E-4724-B791-13137E8BD9D6}.Debug|x64.Build.0 = Debug|Any CPU
		{D13B5D10-865E-4724-B791-13137E8BD9D6}.Debug|x86.ActiveCfg = Debug|Any CPU
		{D13B5D10-865E-4724-B791-13137E8BD9D6}.Debug|x86.Build.0 = Debug|Any CPU
		{D13B5D10-865E-4724-B791-13137E8BD9D6}.Release|Any CPU.ActiveCfg = Release|Any CPU
		{D13B5D10-865E-4724-B791-13137E8BD9D6}.Release|Any CPU.Build.0 = Release|Any CPU
		{D13B5D10-865E-4724-B791-13137E8BD9D6}.Release|x64.ActiveCfg = Release|Any CPU
		{D13B5D10-865E-4724-B791-13137E8BD9D6}.Release|x64.Build.0 = Release|Any CPU
		{D13B5D10-865E-4724-B791-13137E8BD9D6}.Release|x86.ActiveCfg = Release|Any CPU
		{D13B5D10-865E-4724-B791-13137E8BD9D6}.Release|x86.Build.0 = Release|Any CPU
		{DB38CD60-7AFC-4062-9289-D2E73682F056}.Debug|Any CPU.ActiveCfg = Debug|Any CPU
		{DB38CD60-7AFC-4062-9289-D2E73682F056}.Debug|Any CPU.Build.0 = Debug|Any CPU
		{DB38CD60-7AFC-4062-9289-D2E73682F056}.Debug|x64.ActiveCfg = Debug|Any CPU
		{DB38CD60-7AFC-4062-9289-D2E73682F056}.Debug|x64.Build.0 = Debug|Any CPU
		{DB38CD60-7AFC-4062-9289-D2E73682F056}.Debug|x86.ActiveCfg = Debug|Any CPU
		{DB38CD60-7AFC-4062-9289-D2E73682F056}.Debug|x86.Build.0 = Debug|Any CPU
		{DB38CD60-7AFC-4062-9289-D2E73682F056}.Release|Any CPU.ActiveCfg = Release|Any CPU
		{DB38CD60-7AFC-4062-9289-D2E73682F056}.Release|Any CPU.Build.0 = Release|Any CPU
		{DB38CD60-7AFC-4062-9289-D2E73682F056}.Release|x64.ActiveCfg = Release|Any CPU
		{DB38CD60-7AFC-4062-9289-D2E73682F056}.Release|x64.Build.0 = Release|Any CPU
		{DB38CD60-7AFC-4062-9289-D2E73682F056}.Release|x86.ActiveCfg = Release|Any CPU
		{DB38CD60-7AFC-4062-9289-D2E73682F056}.Release|x86.Build.0 = Release|Any CPU
		{A2D3DEF1-A917-4AE4-8ED1-7E0BF95CD6F7}.Debug|Any CPU.ActiveCfg = Debug|x64
		{A2D3DEF1-A917-4AE4-8ED1-7E0BF95CD6F7}.Debug|Any CPU.Build.0 = Debug|x64
		{A2D3DEF1-A917-4AE4-8ED1-7E0BF95CD6F7}.Debug|x64.ActiveCfg = Debug|x64
		{A2D3DEF1-A917-4AE4-8ED1-7E0BF95CD6F7}.Debug|x64.Build.0 = Debug|x64
		{A2D3DEF1-A917-4AE4-8ED1-7E0BF95CD6F7}.Debug|x86.ActiveCfg = Debug|Win32
		{A2D3DEF1-A917-4AE4-8ED1-7E0BF95CD6F7}.Debug|x86.Build.0 = Debug|Win32
		{A2D3DEF1-A917-4AE4-8ED1-7E0BF95CD6F7}.Release|Any CPU.ActiveCfg = Release|x64
		{A2D3DEF1-A917-4AE4-8ED1-7E0BF95CD6F7}.Release|Any CPU.Build.0 = Release|x64
		{A2D3DEF1-A917-4AE4-8ED1-7E0BF95CD6F7}.Release|x64.ActiveCfg = Release|x64
		{A2D3DEF1-A917-4AE4-8ED1-7E0BF95CD6F7}.Release|x64.Build.0 = Release|x64
		{A2D3DEF1-A917-4AE4-8ED1-7E0BF95CD6F7}.Release|x86.ActiveCfg = Release|Win32
		{A2D3DEF1-A917-4AE4-8ED1-7E0BF95CD6F7}.Release|x86.Build.0 = Release|Win32
		{2D8E9CDF-F079-428A-92D8-2449C514FF89}.Debug|Any CPU.ActiveCfg = Debug|Any CPU
		{2D8E9CDF-F079-428A-92D8-2449C514FF89}.Debug|Any CPU.Build.0 = Debug|Any CPU
		{2D8E9CDF-F079-428A-92D8-2449C514FF89}.Debug|x64.ActiveCfg = Debug|Any CPU
		{2D8E9CDF-F079-428A-92D8-2449C514FF89}.Debug|x64.Build.0 = Debug|Any CPU
		{2D8E9CDF-F079-428A-92D8-2449C514FF89}.Debug|x86.ActiveCfg = Debug|Any CPU
		{2D8E9CDF-F079-428A-92D8-2449C514FF89}.Debug|x86.Build.0 = Debug|Any CPU
		{2D8E9CDF-F079-428A-92D8-2449C514FF89}.Release|Any CPU.ActiveCfg = Release|Any CPU
		{2D8E9CDF-F079-428A-92D8-2449C514FF89}.Release|Any CPU.Build.0 = Release|Any CPU
		{2D8E9CDF-F079-428A-92D8-2449C514FF89}.Release|x64.ActiveCfg = Release|Any CPU
		{2D8E9CDF-F079-428A-92D8-2449C514FF89}.Release|x64.Build.0 = Release|Any CPU
		{2D8E9CDF-F079-428A-92D8-2449C514FF89}.Release|x86.ActiveCfg = Release|Any CPU
		{2D8E9CDF-F079-428A-92D8-2449C514FF89}.Release|x86.Build.0 = Release|Any CPU
		{5C815A91-C770-407F-8100-781475C4CE39}.Debug|Any CPU.ActiveCfg = Debug|Any CPU
		{5C815A91-C770-407F-8100-781475C4CE39}.Debug|Any CPU.Build.0 = Debug|Any CPU
		{5C815A91-C770-407F-8100-781475C4CE39}.Debug|x64.ActiveCfg = Debug|Any CPU
		{5C815A91-C770-407F-8100-781475C4CE39}.Debug|x64.Build.0 = Debug|Any CPU
		{5C815A91-C770-407F-8100-781475C4CE39}.Debug|x86.ActiveCfg = Debug|Any CPU
		{5C815A91-C770-407F-8100-781475C4CE39}.Debug|x86.Build.0 = Debug|Any CPU
		{5C815A91-C770-407F-8100-781475C4CE39}.Release|Any CPU.ActiveCfg = Release|Any CPU
		{5C815A91-C770-407F-8100-781475C4CE39}.Release|Any CPU.Build.0 = Release|Any CPU
		{5C815A91-C770-407F-8100-781475C4CE39}.Release|x64.ActiveCfg = Release|Any CPU
		{5C815A91-C770-407F-8100-781475C4CE39}.Release|x64.Build.0 = Release|Any CPU
		{5C815A91-C770-407F-8100-781475C4CE39}.Release|x86.ActiveCfg = Release|Any CPU
		{5C815A91-C770-407F-8100-781475C4CE39}.Release|x86.Build.0 = Release|Any CPU
	EndGlobalSection
	GlobalSection(SolutionProperties) = preSolution
		HideSolutionNode = FALSE
	EndGlobalSection
	GlobalSection(ExtensibilityGlobals) = postSolution
		SolutionGuid = {2D6FD063-AC74-4F74-AF3C-361AE9FE79FB}
	EndGlobalSection
EndGlobal
